// !$*UTF8*$!
{
	archiveVersion = 1;
	classes = {
	};
	objectVersion = 56;
	objects = {

/* Begin PBXBuildFile section */
		355BC2092A5584C8008B2FA1 /* ReadMeApp.swift in Sources */ = {isa = PBXBuildFile; fileRef = 355BC2082A5584C8008B2FA1 /* ReadMeApp.swift */; };
		355BC20B2A5584C8008B2FA1 /* ContentView.swift in Sources */ = {isa = PBXBuildFile; fileRef = 355BC20A2A5584C8008B2FA1 /* ContentView.swift */; };
		355BC20D2A5584C8008B2FA1 /* Assets.xcassets in Resources */ = {isa = PBXBuildFile; fileRef = 355BC20C2A5584C8008B2FA1 /* Assets.xcassets */; };
		355BC2102A5584C8008B2FA1 /* Preview Assets.xcassets in Resources */ = {isa = PBXBuildFile; fileRef = 355BC20F2A5584C8008B2FA1 /* Preview Assets.xcassets */; };
		355BC2172A55868F008B2FA1 /* Book.swift in Sources */ = {isa = PBXBuildFile; fileRef = 355BC2162A55868F008B2FA1 /* Book.swift */; };
		355BC21A2A558754008B2FA1 /* BookViews.swift in Sources */ = {isa = PBXBuildFile; fileRef = 355BC2192A558754008B2FA1 /* BookViews.swift */; };
		355BC21F2A559724008B2FA1 /* Library.swift in Sources */ = {isa = PBXBuildFile; fileRef = 355BC21E2A559724008B2FA1 /* Library.swift */; };
		355BC2212A55A278008B2FA1 /* DetailView.swift in Sources */ = {isa = PBXBuildFile; fileRef = 355BC2202A55A278008B2FA1 /* DetailView.swift */; };
		355BC2232A55CC8B008B2FA1 /* PHPickerViewController.swift in Sources */ = {isa = PBXBuildFile; fileRef = 355BC2222A55CC8B008B2FA1 /* PHPickerViewController.swift */; };
		355BC2252A55EEFE008B2FA1 /* PhotosSelector.swift in Sources */ = {isa = PBXBuildFile; fileRef = 355BC2242A55EEFE008B2FA1 /* PhotosSelector.swift */; };
		355BC2272A55F6C7008B2FA1 /* PhotoView.swift in Sources */ = {isa = PBXBuildFile; fileRef = 355BC2262A55F6C7008B2FA1 /* PhotoView.swift */; };
/* End PBXBuildFile section */

/* Begin PBXFileReference section */
		355BC2052A5584C8008B2FA1 /* ReadMe.app */ = {isa = PBXFileReference; explicitFileType = wrapper.application; includeInIndex = 0; path = ReadMe.app; sourceTree = BUILT_PRODUCTS_DIR; };
		355BC2082A5584C8008B2FA1 /* ReadMeApp.swift */ = {isa = PBXFileReference; lastKnownFileType = sourcecode.swift; path = ReadMeApp.swift; sourceTree = "<group>"; };
		355BC20A2A5584C8008B2FA1 /* ContentView.swift */ = {isa = PBXFileReference; lastKnownFileType = sourcecode.swift; path = ContentView.swift; sourceTree = "<group>"; };
		355BC20C2A5584C8008B2FA1 /* Assets.xcassets */ = {isa = PBXFileReference; lastKnownFileType = folder.assetcatalog; path = Assets.xcassets; sourceTree = "<group>"; };
		355BC20F2A5584C8008B2FA1 /* Preview Assets.xcassets */ = {isa = PBXFileReference; lastKnownFileType = folder.assetcatalog; path = "Preview Assets.xcassets"; sourceTree = "<group>"; };
		355BC2162A55868F008B2FA1 /* Book.swift */ = {isa = PBXFileReference; lastKnownFileType = sourcecode.swift; path = Book.swift; sourceTree = "<group>"; };
		355BC2192A558754008B2FA1 /* BookViews.swift */ = {isa = PBXFileReference; lastKnownFileType = sourcecode.swift; path = BookViews.swift; sourceTree = "<group>"; };
		355BC21E2A559724008B2FA1 /* Library.swift */ = {isa = PBXFileReference; lastKnownFileType = sourcecode.swift; path = Library.swift; sourceTree = "<group>"; };
		355BC2202A55A278008B2FA1 /* DetailView.swift */ = {isa = PBXFileReference; lastKnownFileType = sourcecode.swift; path = DetailView.swift; sourceTree = "<group>"; };
		355BC2222A55CC8B008B2FA1 /* PHPickerViewController.swift */ = {isa = PBXFileReference; lastKnownFileType = sourcecode.swift; path = PHPickerViewController.swift; sourceTree = "<group>"; };
		355BC2242A55EEFE008B2FA1 /* PhotosSelector.swift */ = {isa = PBXFileReference; lastKnownFileType = sourcecode.swift; path = PhotosSelector.swift; sourceTree = "<group>"; };
		355BC2262A55F6C7008B2FA1 /* PhotoView.swift */ = {isa = PBXFileReference; lastKnownFileType = sourcecode.swift; path = PhotoView.swift; sourceTree = "<group>"; };
/* End PBXFileReference section */

/* Begin PBXFrameworksBuildPhase section */
		355BC2022A5584C8008B2FA1 /* Frameworks */ = {
			isa = PBXFrameworksBuildPhase;
			buildActionMask = 2147483647;
			files = (
			);
			runOnlyForDeploymentPostprocessing = 0;
		};
/* End PBXFrameworksBuildPhase section */

/* Begin PBXGroup section */
		355BC1FC2A5584C8008B2FA1 = {
			isa = PBXGroup;
			children = (
				355BC2072A5584C8008B2FA1 /* ReadMe */,
				355BC2062A5584C8008B2FA1 /* Products */,
			);
			sourceTree = "<group>";
		};
		355BC2062A5584C8008B2FA1 /* Products */ = {
			isa = PBXGroup;
			children = (
				355BC2052A5584C8008B2FA1 /* ReadMe.app */,
			);
			name = Products;
			sourceTree = "<group>";
		};
		355BC2072A5584C8008B2FA1 /* ReadMe */ = {
			isa = PBXGroup;
			children = (
				355BC2282A587998008B2FA1 /* App */,
				355BC21B2A55875E008B2FA1 /* Models */,
				355BC2182A558731008B2FA1 /* Views */,
				355BC20C2A5584C8008B2FA1 /* Assets.xcassets */,
				355BC20E2A5584C8008B2FA1 /* Preview Content */,
			);
			path = ReadMe;
			sourceTree = "<group>";
		};
		355BC20E2A5584C8008B2FA1 /* Preview Content */ = {
			isa = PBXGroup;
			children = (
				355BC20F2A5584C8008B2FA1 /* Preview Assets.xcassets */,
			);
			path = "Preview Content";
			sourceTree = "<group>";
		};
		355BC2182A558731008B2FA1 /* Views */ = {
			isa = PBXGroup;
			children = (
				355BC20A2A5584C8008B2FA1 /* ContentView.swift */,
				355BC2192A558754008B2FA1 /* BookViews.swift */,
				355BC2202A55A278008B2FA1 /* DetailView.swift */,
				355BC2222A55CC8B008B2FA1 /* PHPickerViewController.swift */,
				355BC2242A55EEFE008B2FA1 /* PhotosSelector.swift */,
				355BC2262A55F6C7008B2FA1 /* PhotoView.swift */,
			);
			path = Views;
			sourceTree = "<group>";
		};
		355BC21B2A55875E008B2FA1 /* Models */ = {
			isa = PBXGroup;
			children = (
				355BC2162A55868F008B2FA1 /* Book.swift */,
				355BC21E2A559724008B2FA1 /* Library.swift */,
			);
			path = Models;
			sourceTree = "<group>";
		};
		355BC2282A587998008B2FA1 /* App */ = {
			isa = PBXGroup;
			children = (
				355BC2082A5584C8008B2FA1 /* ReadMeApp.swift */,
			);
			path = App;
			sourceTree = "<group>";
		};
/* End PBXGroup section */

/* Begin PBXNativeTarget section */
		355BC2042A5584C8008B2FA1 /* ReadMe */ = {
			isa = PBXNativeTarget;
			buildConfigurationList = 355BC2132A5584C8008B2FA1 /* Build configuration list for PBXNativeTarget "ReadMe" */;
			buildPhases = (
				355BC2012A5584C8008B2FA1 /* Sources */,
				355BC2022A5584C8008B2FA1 /* Frameworks */,
				355BC2032A5584C8008B2FA1 /* Resources */,
			);
			buildRules = (
			);
			dependencies = (
			);
			name = ReadMe;
			productName = ReadMe;
			productReference = 355BC2052A5584C8008B2FA1 /* ReadMe.app */;
			productType = "com.apple.product-type.application";
		};
/* End PBXNativeTarget section */

/* Begin PBXProject section */
		355BC1FD2A5584C8008B2FA1 /* Project object */ = {
			isa = PBXProject;
			attributes = {
				BuildIndependentTargetsInParallel = 1;
				LastSwiftUpdateCheck = 1430;
				LastUpgradeCheck = 1430;
				TargetAttributes = {
					355BC2042A5584C8008B2FA1 = {
						CreatedOnToolsVersion = 14.3.1;
					};
				};
			};
			buildConfigurationList = 355BC2002A5584C8008B2FA1 /* Build configuration list for PBXProject "ReadMe" */;
			compatibilityVersion = "Xcode 14.0";
			developmentRegion = en;
			hasScannedForEncodings = 0;
			knownRegions = (
				en,
				Base,
			);
			mainGroup = 355BC1FC2A5584C8008B2FA1;
			productRefGroup = 355BC2062A5584C8008B2FA1 /* Products */;
			projectDirPath = "";
			projectRoot = "";
			targets = (
				355BC2042A5584C8008B2FA1 /* ReadMe */,
			);
		};
/* End PBXProject section */

/* Begin PBXResourcesBuildPhase section */
		355BC2032A5584C8008B2FA1 /* Resources */ = {
			isa = PBXResourcesBuildPhase;
			buildActionMask = 2147483647;
			files = (
				355BC2102A5584C8008B2FA1 /* Preview Assets.xcassets in Resources */,
				355BC20D2A5584C8008B2FA1 /* Assets.xcassets in Resources */,
			);
			runOnlyForDeploymentPostprocessing = 0;
		};
/* End PBXResourcesBuildPhase section */

/* Begin PBXSourcesBuildPhase section */
		355BC2012A5584C8008B2FA1 /* Sources */ = {
			isa = PBXSourcesBuildPhase;
			buildActionMask = 2147483647;
			files = (
				355BC2252A55EEFE008B2FA1 /* PhotosSelector.swift in Sources */,
				355BC20B2A5584C8008B2FA1 /* ContentView.swift in Sources */,
				355BC2212A55A278008B2FA1 /* DetailView.swift in Sources */,
				355BC2092A5584C8008B2FA1 /* ReadMeApp.swift in Sources */,
				355BC2272A55F6C7008B2FA1 /* PhotoView.swift in Sources */,
				355BC21F2A559724008B2FA1 /* Library.swift in Sources */,
				355BC2172A55868F008B2FA1 /* Book.swift in Sources */,
				355BC2232A55CC8B008B2FA1 /* PHPickerViewController.swift in Sources */,
				355BC21A2A558754008B2FA1 /* BookViews.swift in Sources */,
			);
			runOnlyForDeploymentPostprocessing = 0;
		};
/* End PBXSourcesBuildPhase section */

/* Begin XCBuildConfiguration section */
		355BC2112A5584C8008B2FA1 /* Debug */ = {
			isa = XCBuildConfiguration;
			buildSettings = {
				ALWAYS_SEARCH_USER_PATHS = NO;
				CLANG_ANALYZER_NONNULL = YES;
				CLANG_ANALYZER_NUMBER_OBJECT_CONVERSION = YES_AGGRESSIVE;
				CLANG_CXX_LANGUAGE_STANDARD = "gnu++20";
				CLANG_ENABLE_MODULES = YES;
				CLANG_ENABLE_OBJC_ARC = YES;
				CLANG_ENABLE_OBJC_WEAK = YES;
				CLANG_WARN_BLOCK_CAPTURE_AUTORELEASING = YES;
				CLANG_WARN_BOOL_CONVERSION = YES;
				CLANG_WARN_COMMA = YES;
				CLANG_WARN_CONSTANT_CONVERSION = YES;
				CLANG_WARN_DEPRECATED_OBJC_IMPLEMENTATIONS = YES;
				CLANG_WARN_DIRECT_OBJC_ISA_USAGE = YES_ERROR;
				CLANG_WARN_DOCUMENTATION_COMMENTS = YES;
				CLANG_WARN_EMPTY_BODY = YES;
				CLANG_WARN_ENUM_CONVERSION = YES;
				CLANG_WARN_INFINITE_RECURSION = YES;
				CLANG_WARN_INT_CONVERSION = YES;
				CLANG_WARN_NON_LITERAL_NULL_CONVERSION = YES;
				CLANG_WARN_OBJC_IMPLICIT_RETAIN_SELF = YES;
				CLANG_WARN_OBJC_LITERAL_CONVERSION = YES;
				CLANG_WARN_OBJC_ROOT_CLASS = YES_ERROR;
				CLANG_WARN_QUOTED_INCLUDE_IN_FRAMEWORK_HEADER = YES;
				CLANG_WARN_RANGE_LOOP_ANALYSIS = YES;
				CLANG_WARN_STRICT_PROTOTYPES = YES;
				CLANG_WARN_SUSPICIOUS_MOVE = YES;
				CLANG_WARN_UNGUARDED_AVAILABILITY = YES_AGGRESSIVE;
				CLANG_WARN_UNREACHABLE_CODE = YES;
				CLANG_WARN__DUPLICATE_METHOD_MATCH = YES;
				COPY_PHASE_STRIP = NO;
				DEBUG_INFORMATION_FORMAT = dwarf;
				ENABLE_STRICT_OBJC_MSGSEND = YES;
				ENABLE_TESTABILITY = YES;
				GCC_C_LANGUAGE_STANDARD = gnu11;
				GCC_DYNAMIC_NO_PIC = NO;
				GCC_NO_COMMON_BLOCKS = YES;
				GCC_OPTIMIZATION_LEVEL = 0;
				GCC_PREPROCESSOR_DEFINITIONS = (
					"DEBUG=1",
					"$(inherited)",
				);
				GCC_WARN_64_TO_32_BIT_CONVERSION = YES;
				GCC_WARN_ABOUT_RETURN_TYPE = YES_ERROR;
				GCC_WARN_UNDECLARED_SELECTOR = YES;
				GCC_WARN_UNINITIALIZED_AUTOS = YES_AGGRESSIVE;
				GCC_WARN_UNUSED_FUNCTION = YES;
				GCC_WARN_UNUSED_VARIABLE = YES;
				IPHONEOS_DEPLOYMENT_TARGET = 16.4;
				MTL_ENABLE_DEBUG_INFO = INCLUDE_SOURCE;
				MTL_FAST_MATH = YES;
				ONLY_ACTIVE_ARCH = YES;
				SDKROOT = iphoneos;
				SWIFT_ACTIVE_COMPILATION_CONDITIONS = DEBUG;
				SWIFT_OPTIMIZATION_LEVEL = "-Onone";
			};
			name = Debug;
		};
		355BC2122A5584C8008B2FA1 /* Release */ = {
			isa = XCBuildConfiguration;
			buildSettings = {
				ALWAYS_SEARCH_USER_PATHS = NO;
				CLANG_ANALYZER_NONNULL = YES;
				CLANG_ANALYZER_NUMBER_OBJECT_CONVERSION = YES_AGGRESSIVE;
				CLANG_CXX_LANGUAGE_STANDARD = "gnu++20";
				CLANG_ENABLE_MODULES = YES;
				CLANG_ENABLE_OBJC_ARC = YES;
				CLANG_ENABLE_OBJC_WEAK = YES;
				CLANG_WARN_BLOCK_CAPTURE_AUTORELEASING = YES;
				CLANG_WARN_BOOL_CONVERSION = YES;
				CLANG_WARN_COMMA = YES;
				CLANG_WARN_CONSTANT_CONVERSION = YES;
				CLANG_WARN_DEPRECATED_OBJC_IMPLEMENTATIONS = YES;
				CLANG_WARN_DIRECT_OBJC_ISA_USAGE = YES_ERROR;
				CLANG_WARN_DOCUMENTATION_COMMENTS = YES;
				CLANG_WARN_EMPTY_BODY = YES;
				CLANG_WARN_ENUM_CONVERSION = YES;
				CLANG_WARN_INFINITE_RECURSION = YES;
				CLANG_WARN_INT_CONVERSION = YES;
				CLANG_WARN_NON_LITERAL_NULL_CONVERSION = YES;
				CLANG_WARN_OBJC_IMPLICIT_RETAIN_SELF = YES;
				CLANG_WARN_OBJC_LITERAL_CONVERSION = YES;
				CLANG_WARN_OBJC_ROOT_CLASS = YES_ERROR;
				CLANG_WARN_QUOTED_INCLUDE_IN_FRAMEWORK_HEADER = YES;
				CLANG_WARN_RANGE_LOOP_ANALYSIS = YES;
				CLANG_WARN_STRICT_PROTOTYPES = YES;
				CLANG_WARN_SUSPICIOUS_MOVE = YES;
				CLANG_WARN_UNGUARDED_AVAILABILITY = YES_AGGRESSIVE;
				CLANG_WARN_UNREACHABLE_CODE = YES;
				CLANG_WARN__DUPLICATE_METHOD_MATCH = YES;
				COPY_PHASE_STRIP = NO;
				DEBUG_INFORMATION_FORMAT = "dwarf-with-dsym";
				ENABLE_NS_ASSERTIONS = NO;
				ENABLE_STRICT_OBJC_MSGSEND = YES;
				GCC_C_LANGUAGE_STANDARD = gnu11;
				GCC_NO_COMMON_BLOCKS = YES;
				GCC_WARN_64_TO_32_BIT_CONVERSION = YES;
				GCC_WARN_ABOUT_RETURN_TYPE = YES_ERROR;
				GCC_WARN_UNDECLARED_SELECTOR = YES;
				GCC_WARN_UNINITIALIZED_AUTOS = YES_AGGRESSIVE;
				GCC_WARN_UNUSED_FUNCTION = YES;
				GCC_WARN_UNUSED_VARIABLE = YES;
				IPHONEOS_DEPLOYMENT_TARGET = 16.4;
				MTL_ENABLE_DEBUG_INFO = NO;
				MTL_FAST_MATH = YES;
				SDKROOT = iphoneos;
				SWIFT_COMPILATION_MODE = wholemodule;
				SWIFT_OPTIMIZATION_LEVEL = "-O";
				VALIDATE_PRODUCT = YES;
			};
			name = Release;
		};
		355BC2142A5584C8008B2FA1 /* Debug */ = {
			isa = XCBuildConfiguration;
			buildSettings = {
				ASSETCATALOG_COMPILER_APPICON_NAME = AppIcon;
				ASSETCATALOG_COMPILER_GLOBAL_ACCENT_COLOR_NAME = AccentColor;
				CODE_SIGN_STYLE = Automatic;
				CURRENT_PROJECT_VERSION = 1;
				DEVELOPMENT_ASSET_PATHS = "\"ReadMe/Preview Content\"";
				DEVELOPMENT_TEAM = 7GR66NG8SN;
				ENABLE_PREVIEWS = YES;
				GENERATE_INFOPLIST_FILE = YES;
				INFOPLIST_KEY_UIApplicationSceneManifest_Generation = YES;
				INFOPLIST_KEY_UIApplicationSupportsIndirectInputEvents = YES;
				INFOPLIST_KEY_UILaunchScreen_Generation = YES;
				INFOPLIST_KEY_UISupportedInterfaceOrientations_iPad = "UIInterfaceOrientationPortrait UIInterfaceOrientationPortraitUpsideDown UIInterfaceOrientationLandscapeLeft UIInterfaceOrientationLandscapeRight";
				INFOPLIST_KEY_UISupportedInterfaceOrientations_iPhone = "UIInterfaceOrientationPortrait UIInterfaceOrientationLandscapeLeft UIInterfaceOrientationLandscapeRight";
				LD_RUNPATH_SEARCH_PATHS = (
					"$(inherited)",
					"@executable_path/Frameworks",
				);
				MARKETING_VERSION = 1.0;
				PRODUCT_BUNDLE_IDENTIFIER = com.silencepeaceoff.ReadMe;
				PRODUCT_NAME = "$(TARGET_NAME)";
				SWIFT_EMIT_LOC_STRINGS = YES;
				SWIFT_VERSION = 5.0;
				TARGETED_DEVICE_FAMILY = "1,2";
			};
			name = Debug;
		};
		355BC2152A5584C8008B2FA1 /* Release */ = {
			isa = XCBuildConfiguration;
			buildSettings = {
				ASSETCATALOG_COMPILER_APPICON_NAME = AppIcon;
				ASSETCATALOG_COMPILER_GLOBAL_ACCENT_COLOR_NAME = AccentColor;
				CODE_SIGN_STYLE = Automatic;
				CURRENT_PROJECT_VERSION = 1;
				DEVELOPMENT_ASSET_PATHS = "\"ReadMe/Preview Content\"";
				DEVELOPMENT_TEAM = 7GR66NG8SN;
				ENABLE_PREVIEWS = YES;
				GENERATE_INFOPLIST_FILE = YES;
				INFOPLIST_KEY_UIApplicationSceneManifest_Generation = YES;
				INFOPLIST_KEY_UIApplicationSupportsIndirectInputEvents = YES;
				INFOPLIST_KEY_UILaunchScreen_Generation = YES;
				INFOPLIST_KEY_UISupportedInterfaceOrientations_iPad = "UIInterfaceOrientationPortrait UIInterfaceOrientationPortraitUpsideDown UIInterfaceOrientationLandscapeLeft UIInterfaceOrientationLandscapeRight";
				INFOPLIST_KEY_UISupportedInterfaceOrientations_iPhone = "UIInterfaceOrientationPortrait UIInterfaceOrientationLandscapeLeft UIInterfaceOrientationLandscapeRight";
				LD_RUNPATH_SEARCH_PATHS = (
					"$(inherited)",
					"@executable_path/Frameworks",
				);
				MARKETING_VERSION = 1.0;
				PRODUCT_BUNDLE_IDENTIFIER = com.silencepeaceoff.ReadMe;
				PRODUCT_NAME = "$(TARGET_NAME)";
				SWIFT_EMIT_LOC_STRINGS = YES;
				SWIFT_VERSION = 5.0;
				TARGETED_DEVICE_FAMILY = "1,2";
			};
			name = Release;
		};
/* End XCBuildConfiguration section */

/* Begin XCConfigurationList section */
		355BC2002A5584C8008B2FA1 /* Build configuration list for PBXProject "ReadMe" */ = {
			isa = XCConfigurationList;
			buildConfigurations = (
				355BC2112A5584C8008B2FA1 /* Debug */,
				355BC2122A5584C8008B2FA1 /* Release */,
			);
			defaultConfigurationIsVisible = 0;
			defaultConfigurationName = Release;
		};
		355BC2132A5584C8008B2FA1 /* Build configuration list for PBXNativeTarget "ReadMe" */ = {
			isa = XCConfigurationList;
			buildConfigurations = (
				355BC2142A5584C8008B2FA1 /* Debug */,
				355BC2152A5584C8008B2FA1 /* Release */,
			);
			defaultConfigurationIsVisible = 0;
			defaultConfigurationName = Release;
		};
/* End XCConfigurationList section */
	};
	rootObject = 355BC1FD2A5584C8008B2FA1 /* Project object */;
}
